{
  "name": "example",
  "version": "1.0.0",
  "lockfileVersion": 3,
  "requires": true,
  "packages": {
    "": {
      "name": "example",
      "version": "1.0.0",
      "license": "ISC",
      "dependencies": {
        "testing-pkp": "^1.0.3"
      }
    },
    "node_modules/testing-pkp": {
      "version": "1.0.3",
      "resolved": "https://registry.npmjs.org/testing-pkp/-/testing-pkp-1.0.3.tgz",
      "integrity": "sha512-uQTkpEDPo7ZTWR+v7avXL33xPXe2VfAycUGjANgCixh6YFopX7DaTg+5Kvt+o/u2GnoD+lZ0T4drAOhfjzxoGA==",
      "license": "ISC"
    }
  }
}
